
Microsoft Visual Studio Solution File, Format Version 12.00
# Visual Studio 15
VisualStudioVersion = 15.0.28307.779
MinimumVisualStudioVersion = 10.0.40219.1
Project("{FAE04EC0-301F-11D3-BF4B-00C04F79EFBC}") = "PetsShop", "PetsShop\PetsShop.csproj", "{31EACE64-4A3E-4929-83C2-27200F964E47}"
EndProject
Global
	GlobalSection(SolutionConfigurationPlatforms) = preSolution
		Debug|Any CPU = Debug|Any CPU
		Release|Any CPU = Release|Any CPU
	EndGlobalSection
	GlobalSection(ProjectConfigurationPlatforms) = postSolution
		{31EACE64-4A3E-4929-83C2-27200F964E47}.Debug|Any CPU.ActiveCfg = Debug|Any CPU
		{31EACE64-4A3E-4929-83C2-27200F964E47}.Debug|Any CPU.Build.0 = Debug|Any CPU
		{31EACE64-4A3E-4929-83C2-27200F964E47}.Release|Any CPU.ActiveCfg = Release|Any CPU
		{31EACE64-4A3E-4929-83C2-27200F964E47}.Release|Any CPU.Build.0 = Release|Any CPU
	EndGlobalSection
	GlobalSection(SolutionProperties) = preSolution
		HideSolutionNode = FALSE
	EndGlobalSection
	GlobalSection(ExtensibilityGlobals) = postSolution
		SolutionGuid = {C00AC00A-F54B-4EEF-9EEA-90ADBFB8AECC}
	EndGlobalSection
EndGlobal
